
Microsoft Visual Studio Solution File, Format Version 12.00
# Visual Studio 15
Project("{FAE04EC0-301F-11D3-BF4B-00C04F79EFBC}") = "Assembly-CSharp", "Assembly-CSharp.csproj", "{92B9926C-F8A2-B9D0-1CAB-D7D36F8EE652}"
EndProject
Project("{FAE04EC0-301F-11D3-BF4B-00C04F79EFBC}") = "DanmakU", "DanmakU.csproj", "{4CD8EDC1-21E7-8AAA-5754-29DF69915DE8}"
EndProject
Project("{FAE04EC0-301F-11D3-BF4B-00C04F79EFBC}") = "Assembly-CSharp-Editor", "Assembly-CSharp-Editor.csproj", "{A1EA428B-25C3-1633-AD53-CD5954E2DB73}"
EndProject
Global
	GlobalSection(SolutionConfigurationPlatforms) = preSolution
		Debug|Any CPU = Debug|Any CPU
		Release|Any CPU = Release|Any CPU
	EndGlobalSection
	GlobalSection(ProjectConfigurationPlatforms) = postSolution
		{92B9926C-F8A2-B9D0-1CAB-D7D36F8EE652}.Debug|Any CPU.ActiveCfg = Debug|Any CPU
		{92B9926C-F8A2-B9D0-1CAB-D7D36F8EE652}.Debug|Any CPU.Build.0 = Debug|Any CPU
		{92B9926C-F8A2-B9D0-1CAB-D7D36F8EE652}.Release|Any CPU.ActiveCfg = Release|Any CPU
		{92B9926C-F8A2-B9D0-1CAB-D7D36F8EE652}.Release|Any CPU.Build.0 = Release|Any CPU
		{4CD8EDC1-21E7-8AAA-5754-29DF69915DE8}.Debug|Any CPU.ActiveCfg = Debug|Any CPU
		{4CD8EDC1-21E7-8AAA-5754-29DF69915DE8}.Debug|Any CPU.Build.0 = Debug|Any CPU
		{4CD8EDC1-21E7-8AAA-5754-29DF69915DE8}.Release|Any CPU.ActiveCfg = Release|Any CPU
		{4CD8EDC1-21E7-8AAA-5754-29DF69915DE8}.Release|Any CPU.Build.0 = Release|Any CPU
		{A1EA428B-25C3-1633-AD53-CD5954E2DB73}.Debug|Any CPU.ActiveCfg = Debug|Any CPU
		{A1EA428B-25C3-1633-AD53-CD5954E2DB73}.Debug|Any CPU.Build.0 = Debug|Any CPU
		{A1EA428B-25C3-1633-AD53-CD5954E2DB73}.Release|Any CPU.ActiveCfg = Release|Any CPU
		{A1EA428B-25C3-1633-AD53-CD5954E2DB73}.Release|Any CPU.Build.0 = Release|Any CPU
	EndGlobalSection
	GlobalSection(SolutionProperties) = preSolution
		HideSolutionNode = FALSE
	EndGlobalSection
EndGlobal
