
Microsoft Visual Studio Solution File, Format Version 11.00
# Visual Studio 2010
Project("{FAE04EC0-301F-11D3-BF4B-00C04F79EFBC}") = "Assembly-CSharp", "Assembly-CSharp.csproj", "{6c92b992-a2f8-d0b9-1cab-d7d36f8ee652}"
EndProject
Project("{FAE04EC0-301F-11D3-BF4B-00C04F79EFBC}") = "DanmakU", "DanmakU.csproj", "{c1edd84c-e721-aa8a-5754-29df69915de8}"
EndProject
Project("{FAE04EC0-301F-11D3-BF4B-00C04F79EFBC}") = "Assembly-CSharp-Editor", "Assembly-CSharp-Editor.csproj", "{8b42eaa1-c325-3316-ad53-cd5954e2db73}"
EndProject
Global
	GlobalSection(SolutionConfigurationPlatforms) = preSolution
		Debug|Any CPU = Debug|Any CPU
		Release|Any CPU = Release|Any CPU
	EndGlobalSection
	GlobalSection(ProjectConfigurationPlatforms) = postSolution
		{6c92b992-a2f8-d0b9-1cab-d7d36f8ee652}.Debug|Any CPU.ActiveCfg = Debug|Any CPU
		{6c92b992-a2f8-d0b9-1cab-d7d36f8ee652}.Debug|Any CPU.Build.0 = Debug|Any CPU
		{6c92b992-a2f8-d0b9-1cab-d7d36f8ee652}.Release|Any CPU.ActiveCfg = Release|Any CPU
		{6c92b992-a2f8-d0b9-1cab-d7d36f8ee652}.Release|Any CPU.Build.0 = Release|Any CPU
		{c1edd84c-e721-aa8a-5754-29df69915de8}.Debug|Any CPU.ActiveCfg = Debug|Any CPU
		{c1edd84c-e721-aa8a-5754-29df69915de8}.Debug|Any CPU.Build.0 = Debug|Any CPU
		{c1edd84c-e721-aa8a-5754-29df69915de8}.Release|Any CPU.ActiveCfg = Release|Any CPU
		{c1edd84c-e721-aa8a-5754-29df69915de8}.Release|Any CPU.Build.0 = Release|Any CPU
		{8b42eaa1-c325-3316-ad53-cd5954e2db73}.Debug|Any CPU.ActiveCfg = Debug|Any CPU
		{8b42eaa1-c325-3316-ad53-cd5954e2db73}.Debug|Any CPU.Build.0 = Debug|Any CPU
		{8b42eaa1-c325-3316-ad53-cd5954e2db73}.Release|Any CPU.ActiveCfg = Release|Any CPU
		{8b42eaa1-c325-3316-ad53-cd5954e2db73}.Release|Any CPU.Build.0 = Release|Any CPU
	EndGlobalSection
	GlobalSection(SolutionProperties) = preSolution
		HideSolutionNode = FALSE
	EndGlobalSection
EndGlobal
